// !$*UTF8*$!
{
	archiveVersion = 1;
	classes = {
	};
	objectVersion = 56;
	objects = {

/* Begin PBXBuildFile section */
		19339C282BC2C063006A801C /* Metal003App.swift in Sources */ = {isa = PBXBuildFile; fileRef = 19339C272BC2C063006A801C /* Metal003App.swift */; };
		19339C2A2BC2C063006A801C /* ContentView.swift in Sources */ = {isa = PBXBuildFile; fileRef = 19339C292BC2C063006A801C /* ContentView.swift */; };
		19339C2C2BC2C064006A801C /* Assets.xcassets in Resources */ = {isa = PBXBuildFile; fileRef = 19339C2B2BC2C064006A801C /* Assets.xcassets */; };
		19339C2F2BC2C064006A801C /* Preview Assets.xcassets in Resources */ = {isa = PBXBuildFile; fileRef = 19339C2E2BC2C064006A801C /* Preview Assets.xcassets */; };
		19339C392BC2C065006A801C /* Metal003Tests.swift in Sources */ = {isa = PBXBuildFile; fileRef = 19339C382BC2C065006A801C /* Metal003Tests.swift */; };
		19339C432BC2C065006A801C /* Metal003UITests.swift in Sources */ = {isa = PBXBuildFile; fileRef = 19339C422BC2C065006A801C /* Metal003UITests.swift */; };
		19339C452BC2C065006A801C /* Metal003UITestsLaunchTests.swift in Sources */ = {isa = PBXBuildFile; fileRef = 19339C442BC2C065006A801C /* Metal003UITestsLaunchTests.swift */; };
		19339C522BC2C073006A801C /* Metal.metal in Sources */ = {isa = PBXBuildFile; fileRef = 19339C512BC2C073006A801C /* Metal.metal */; };
/* End PBXBuildFile section */

/* Begin PBXContainerItemProxy section */
		19339C352BC2C065006A801C /* PBXContainerItemProxy */ = {
			isa = PBXContainerItemProxy;
			containerPortal = 19339C1C2BC2C063006A801C /* Project object */;
			proxyType = 1;
			remoteGlobalIDString = 19339C232BC2C063006A801C;
			remoteInfo = Metal003;
		};
		19339C3F2BC2C065006A801C /* PBXContainerItemProxy */ = {
			isa = PBXContainerItemProxy;
			containerPortal = 19339C1C2BC2C063006A801C /* Project object */;
			proxyType = 1;
			remoteGlobalIDString = 19339C232BC2C063006A801C;
			remoteInfo = Metal003;
		};
/* End PBXContainerItemProxy section */

/* Begin PBXFileReference section */
		19339C242BC2C063006A801C /* Metal003.app */ = {isa = PBXFileReference; explicitFileType = wrapper.application; includeInIndex = 0; path = Metal003.app; sourceTree = BUILT_PRODUCTS_DIR; };
		19339C272BC2C063006A801C /* Metal003App.swift */ = {isa = PBXFileReference; lastKnownFileType = sourcecode.swift; path = Metal003App.swift; sourceTree = "<group>"; };
		19339C292BC2C063006A801C /* ContentView.swift */ = {isa = PBXFileReference; lastKnownFileType = sourcecode.swift; path = ContentView.swift; sourceTree = "<group>"; };
		19339C2B2BC2C064006A801C /* Assets.xcassets */ = {isa = PBXFileReference; lastKnownFileType = folder.assetcatalog; path = Assets.xcassets; sourceTree = "<group>"; };
		19339C2E2BC2C064006A801C /* Preview Assets.xcassets */ = {isa = PBXFileReference; lastKnownFileType = folder.assetcatalog; path = "Preview Assets.xcassets"; sourceTree = "<group>"; };
		19339C342BC2C065006A801C /* Metal003Tests.xctest */ = {isa = PBXFileReference; explicitFileType = wrapper.cfbundle; includeInIndex = 0; path = Metal003Tests.xctest; sourceTree = BUILT_PRODUCTS_DIR; };
		19339C382BC2C065006A801C /* Metal003Tests.swift */ = {isa = PBXFileReference; lastKnownFileType = sourcecode.swift; path = Metal003Tests.swift; sourceTree = "<group>"; };
		19339C3E2BC2C065006A801C /* Metal003UITests.xctest */ = {isa = PBXFileReference; explicitFileType = wrapper.cfbundle; includeInIndex = 0; path = Metal003UITests.xctest; sourceTree = BUILT_PRODUCTS_DIR; };
		19339C422BC2C065006A801C /* Metal003UITests.swift */ = {isa = PBXFileReference; lastKnownFileType = sourcecode.swift; path = Metal003UITests.swift; sourceTree = "<group>"; };
		19339C442BC2C065006A801C /* Metal003UITestsLaunchTests.swift */ = {isa = PBXFileReference; lastKnownFileType = sourcecode.swift; path = Metal003UITestsLaunchTests.swift; sourceTree = "<group>"; };
		19339C512BC2C073006A801C /* Metal.metal */ = {isa = PBXFileReference; lastKnownFileType = sourcecode.metal; path = Metal.metal; sourceTree = "<group>"; };
/* End PBXFileReference section */

/* Begin PBXFrameworksBuildPhase section */
		19339C212BC2C063006A801C /* Frameworks */ = {
			isa = PBXFrameworksBuildPhase;
			buildActionMask = 2147483647;
			files = (
			);
			runOnlyForDeploymentPostprocessing = 0;
		};
		19339C312BC2C065006A801C /* Frameworks */ = {
			isa = PBXFrameworksBuildPhase;
			buildActionMask = 2147483647;
			files = (
			);
			runOnlyForDeploymentPostprocessing = 0;
		};
		19339C3B2BC2C065006A801C /* Frameworks */ = {
			isa = PBXFrameworksBuildPhase;
			buildActionMask = 2147483647;
			files = (
			);
			runOnlyForDeploymentPostprocessing = 0;
		};
/* End PBXFrameworksBuildPhase section */

/* Begin PBXGroup section */
		19339C1B2BC2C063006A801C = {
			isa = PBXGroup;
			children = (
				19339C262BC2C063006A801C /* Metal003 */,
				19339C372BC2C065006A801C /* Metal003Tests */,
				19339C412BC2C065006A801C /* Metal003UITests */,
				19339C252BC2C063006A801C /* Products */,
			);
			sourceTree = "<group>";
		};
		19339C252BC2C063006A801C /* Products */ = {
			isa = PBXGroup;
			children = (
				19339C242BC2C063006A801C /* Metal003.app */,
				19339C342BC2C065006A801C /* Metal003Tests.xctest */,
				19339C3E2BC2C065006A801C /* Metal003UITests.xctest */,
			);
			name = Products;
			sourceTree = "<group>";
		};
		19339C262BC2C063006A801C /* Metal003 */ = {
			isa = PBXGroup;
			children = (
				19339C272BC2C063006A801C /* Metal003App.swift */,
				19339C292BC2C063006A801C /* ContentView.swift */,
				19339C512BC2C073006A801C /* Metal.metal */,
				19339C2B2BC2C064006A801C /* Assets.xcassets */,
				19339C2D2BC2C064006A801C /* Preview Content */,
			);
			path = Metal003;
			sourceTree = "<group>";
		};
		19339C2D2BC2C064006A801C /* Preview Content */ = {
			isa = PBXGroup;
			children = (
				19339C2E2BC2C064006A801C /* Preview Assets.xcassets */,
			);
			path = "Preview Content";
			sourceTree = "<group>";
		};
		19339C372BC2C065006A801C /* Metal003Tests */ = {
			isa = PBXGroup;
			children = (
				19339C382BC2C065006A801C /* Metal003Tests.swift */,
			);
			path = Metal003Tests;
			sourceTree = "<group>";
		};
		19339C412BC2C065006A801C /* Metal003UITests */ = {
			isa = PBXGroup;
			children = (
				19339C422BC2C065006A801C /* Metal003UITests.swift */,
				19339C442BC2C065006A801C /* Metal003UITestsLaunchTests.swift */,
			);
			path = Metal003UITests;
			sourceTree = "<group>";
		};
/* End PBXGroup section */

/* Begin PBXNativeTarget section */
		19339C232BC2C063006A801C /* Metal003 */ = {
			isa = PBXNativeTarget;
			buildConfigurationList = 19339C482BC2C065006A801C /* Build configuration list for PBXNativeTarget "Metal003" */;
			buildPhases = (
				19339C202BC2C063006A801C /* Sources */,
				19339C212BC2C063006A801C /* Frameworks */,
				19339C222BC2C063006A801C /* Resources */,
			);
			buildRules = (
			);
			dependencies = (
			);
			name = Metal003;
			productName = Metal003;
			productReference = 19339C242BC2C063006A801C /* Metal003.app */;
			productType = "com.apple.product-type.application";
		};
		19339C332BC2C065006A801C /* Metal003Tests */ = {
			isa = PBXNativeTarget;
			buildConfigurationList = 19339C4B2BC2C065006A801C /* Build configuration list for PBXNativeTarget "Metal003Tests" */;
			buildPhases = (
				19339C302BC2C065006A801C /* Sources */,
				19339C312BC2C065006A801C /* Frameworks */,
				19339C322BC2C065006A801C /* Resources */,
			);
			buildRules = (
			);
			dependencies = (
				19339C362BC2C065006A801C /* PBXTargetDependency */,
			);
			name = Metal003Tests;
			productName = Metal003Tests;
			productReference = 19339C342BC2C065006A801C /* Metal003Tests.xctest */;
			productType = "com.apple.product-type.bundle.unit-test";
		};
		19339C3D2BC2C065006A801C /* Metal003UITests */ = {
			isa = PBXNativeTarget;
			buildConfigurationList = 19339C4E2BC2C065006A801C /* Build configuration list for PBXNativeTarget "Metal003UITests" */;
			buildPhases = (
				19339C3A2BC2C065006A801C /* Sources */,
				19339C3B2BC2C065006A801C /* Frameworks */,
				19339C3C2BC2C065006A801C /* Resources */,
			);
			buildRules = (
			);
			dependencies = (
				19339C402BC2C065006A801C /* PBXTargetDependency */,
			);
			name = Metal003UITests;
			productName = Metal003UITests;
			productReference = 19339C3E2BC2C065006A801C /* Metal003UITests.xctest */;
			productType = "com.apple.product-type.bundle.ui-testing";
		};
/* End PBXNativeTarget section */

/* Begin PBXProject section */
		19339C1C2BC2C063006A801C /* Project object */ = {
			isa = PBXProject;
			attributes = {
				BuildIndependentTargetsInParallel = 1;
				LastSwiftUpdateCheck = 1530;
				LastUpgradeCheck = 1530;
				TargetAttributes = {
					19339C232BC2C063006A801C = {
						CreatedOnToolsVersion = 15.3;
					};
					19339C332BC2C065006A801C = {
						CreatedOnToolsVersion = 15.3;
						TestTargetID = 19339C232BC2C063006A801C;
					};
					19339C3D2BC2C065006A801C = {
						CreatedOnToolsVersion = 15.3;
						TestTargetID = 19339C232BC2C063006A801C;
					};
				};
			};
			buildConfigurationList = 19339C1F2BC2C063006A801C /* Build configuration list for PBXProject "Metal003" */;
			compatibilityVersion = "Xcode 14.0";
			developmentRegion = en;
			hasScannedForEncodings = 0;
			knownRegions = (
				en,
				Base,
			);
			mainGroup = 19339C1B2BC2C063006A801C;
			productRefGroup = 19339C252BC2C063006A801C /* Products */;
			projectDirPath = "";
			projectRoot = "";
			targets = (
				19339C232BC2C063006A801C /* Metal003 */,
				19339C332BC2C065006A801C /* Metal003Tests */,
				19339C3D2BC2C065006A801C /* Metal003UITests */,
			);
		};
/* End PBXProject section */

/* Begin PBXResourcesBuildPhase section */
		19339C222BC2C063006A801C /* Resources */ = {
			isa = PBXResourcesBuildPhase;
			buildActionMask = 2147483647;
			files = (
				19339C2F2BC2C064006A801C /* Preview Assets.xcassets in Resources */,
				19339C2C2BC2C064006A801C /* Assets.xcassets in Resources */,
			);
			runOnlyForDeploymentPostprocessing = 0;
		};
		19339C322BC2C065006A801C /* Resources */ = {
			isa = PBXResourcesBuildPhase;
			buildActionMask = 2147483647;
			files = (
			);
			runOnlyForDeploymentPostprocessing = 0;
		};
		19339C3C2BC2C065006A801C /* Resources */ = {
			isa = PBXResourcesBuildPhase;
			buildActionMask = 2147483647;
			files = (
			);
			runOnlyForDeploymentPostprocessing = 0;
		};
/* End PBXResourcesBuildPhase section */

/* Begin PBXSourcesBuildPhase section */
		19339C202BC2C063006A801C /* Sources */ = {
			isa = PBXSourcesBuildPhase;
			buildActionMask = 2147483647;
			files = (
				19339C2A2BC2C063006A801C /* ContentView.swift in Sources */,
				19339C522BC2C073006A801C /* Metal.metal in Sources */,
				19339C282BC2C063006A801C /* Metal003App.swift in Sources */,
			);
			runOnlyForDeploymentPostprocessing = 0;
		};
		19339C302BC2C065006A801C /* Sources */ = {
			isa = PBXSourcesBuildPhase;
			buildActionMask = 2147483647;
			files = (
				19339C392BC2C065006A801C /* Metal003Tests.swift in Sources */,
			);
			runOnlyForDeploymentPostprocessing = 0;
		};
		19339C3A2BC2C065006A801C /* Sources */ = {
			isa = PBXSourcesBuildPhase;
			buildActionMask = 2147483647;
			files = (
				19339C452BC2C065006A801C /* Metal003UITestsLaunchTests.swift in Sources */,
				19339C432BC2C065006A801C /* Metal003UITests.swift in Sources */,
			);
			runOnlyForDeploymentPostprocessing = 0;
		};
/* End PBXSourcesBuildPhase section */

/* Begin PBXTargetDependency section */
		19339C362BC2C065006A801C /* PBXTargetDependency */ = {
			isa = PBXTargetDependency;
			target = 19339C232BC2C063006A801C /* Metal003 */;
			targetProxy = 19339C352BC2C065006A801C /* PBXContainerItemProxy */;
		};
		19339C402BC2C065006A801C /* PBXTargetDependency */ = {
			isa = PBXTargetDependency;
			target = 19339C232BC2C063006A801C /* Metal003 */;
			targetProxy = 19339C3F2BC2C065006A801C /* PBXContainerItemProxy */;
		};
/* End PBXTargetDependency section */

/* Begin XCBuildConfiguration section */
		19339C462BC2C065006A801C /* Debug */ = {
			isa = XCBuildConfiguration;
			buildSettings = {
				ALWAYS_SEARCH_USER_PATHS = NO;
				ASSETCATALOG_COMPILER_GENERATE_SWIFT_ASSET_SYMBOL_EXTENSIONS = YES;
				CLANG_ANALYZER_NONNULL = YES;
				CLANG_ANALYZER_NUMBER_OBJECT_CONVERSION = YES_AGGRESSIVE;
				CLANG_CXX_LANGUAGE_STANDARD = "gnu++20";
				CLANG_ENABLE_MODULES = YES;
				CLANG_ENABLE_OBJC_ARC = YES;
				CLANG_ENABLE_OBJC_WEAK = YES;
				CLANG_WARN_BLOCK_CAPTURE_AUTORELEASING = YES;
				CLANG_WARN_BOOL_CONVERSION = YES;
				CLANG_WARN_COMMA = YES;
				CLANG_WARN_CONSTANT_CONVERSION = YES;
				CLANG_WARN_DEPRECATED_OBJC_IMPLEMENTATIONS = YES;
				CLANG_WARN_DIRECT_OBJC_ISA_USAGE = YES_ERROR;
				CLANG_WARN_DOCUMENTATION_COMMENTS = YES;
				CLANG_WARN_EMPTY_BODY = YES;
				CLANG_WARN_ENUM_CONVERSION = YES;
				CLANG_WARN_INFINITE_RECURSION = YES;
				CLANG_WARN_INT_CONVERSION = YES;
				CLANG_WARN_NON_LITERAL_NULL_CONVERSION = YES;
				CLANG_WARN_OBJC_IMPLICIT_RETAIN_SELF = YES;
				CLANG_WARN_OBJC_LITERAL_CONVERSION = YES;
				CLANG_WARN_OBJC_ROOT_CLASS = YES_ERROR;
				CLANG_WARN_QUOTED_INCLUDE_IN_FRAMEWORK_HEADER = YES;
				CLANG_WARN_RANGE_LOOP_ANALYSIS = YES;
				CLANG_WARN_STRICT_PROTOTYPES = YES;
				CLANG_WARN_SUSPICIOUS_MOVE = YES;
				CLANG_WARN_UNGUARDED_AVAILABILITY = YES_AGGRESSIVE;
				CLANG_WARN_UNREACHABLE_CODE = YES;
				CLANG_WARN__DUPLICATE_METHOD_MATCH = YES;
				COPY_PHASE_STRIP = NO;
				DEBUG_INFORMATION_FORMAT = dwarf;
				ENABLE_STRICT_OBJC_MSGSEND = YES;
				ENABLE_TESTABILITY = YES;
				ENABLE_USER_SCRIPT_SANDBOXING = YES;
				GCC_C_LANGUAGE_STANDARD = gnu17;
				GCC_DYNAMIC_NO_PIC = NO;
				GCC_NO_COMMON_BLOCKS = YES;
				GCC_OPTIMIZATION_LEVEL = 0;
				GCC_PREPROCESSOR_DEFINITIONS = (
					"DEBUG=1",
					"$(inherited)",
				);
				GCC_WARN_64_TO_32_BIT_CONVERSION = YES;
				GCC_WARN_ABOUT_RETURN_TYPE = YES_ERROR;
				GCC_WARN_UNDECLARED_SELECTOR = YES;
				GCC_WARN_UNINITIALIZED_AUTOS = YES_AGGRESSIVE;
				GCC_WARN_UNUSED_FUNCTION = YES;
				GCC_WARN_UNUSED_VARIABLE = YES;
				IPHONEOS_DEPLOYMENT_TARGET = 17.4;
				LOCALIZATION_PREFERS_STRING_CATALOGS = YES;
				MTL_ENABLE_DEBUG_INFO = INCLUDE_SOURCE;
				MTL_FAST_MATH = YES;
				ONLY_ACTIVE_ARCH = YES;
				SDKROOT = iphoneos;
				SWIFT_ACTIVE_COMPILATION_CONDITIONS = "DEBUG $(inherited)";
				SWIFT_OPTIMIZATION_LEVEL = "-Onone";
			};
			name = Debug;
		};
		19339C472BC2C065006A801C /* Release */ = {
			isa = XCBuildConfiguration;
			buildSettings = {
				ALWAYS_SEARCH_USER_PATHS = NO;
				ASSETCATALOG_COMPILER_GENERATE_SWIFT_ASSET_SYMBOL_EXTENSIONS = YES;
				CLANG_ANALYZER_NONNULL = YES;
				CLANG_ANALYZER_NUMBER_OBJECT_CONVERSION = YES_AGGRESSIVE;
				CLANG_CXX_LANGUAGE_STANDARD = "gnu++20";
				CLANG_ENABLE_MODULES = YES;
				CLANG_ENABLE_OBJC_ARC = YES;
				CLANG_ENABLE_OBJC_WEAK = YES;
				CLANG_WARN_BLOCK_CAPTURE_AUTORELEASING = YES;
				CLANG_WARN_BOOL_CONVERSION = YES;
				CLANG_WARN_COMMA = YES;
				CLANG_WARN_CONSTANT_CONVERSION = YES;
				CLANG_WARN_DEPRECATED_OBJC_IMPLEMENTATIONS = YES;
				CLANG_WARN_DIRECT_OBJC_ISA_USAGE = YES_ERROR;
				CLANG_WARN_DOCUMENTATION_COMMENTS = YES;
				CLANG_WARN_EMPTY_BODY = YES;
				CLANG_WARN_ENUM_CONVERSION = YES;
				CLANG_WARN_INFINITE_RECURSION = YES;
				CLANG_WARN_INT_CONVERSION = YES;
				CLANG_WARN_NON_LITERAL_NULL_CONVERSION = YES;
				CLANG_WARN_OBJC_IMPLICIT_RETAIN_SELF = YES;
				CLANG_WARN_OBJC_LITERAL_CONVERSION = YES;
				CLANG_WARN_OBJC_ROOT_CLASS = YES_ERROR;
				CLANG_WARN_QUOTED_INCLUDE_IN_FRAMEWORK_HEADER = YES;
				CLANG_WARN_RANGE_LOOP_ANALYSIS = YES;
				CLANG_WARN_STRICT_PROTOTYPES = YES;
				CLANG_WARN_SUSPICIOUS_MOVE = YES;
				CLANG_WARN_UNGUARDED_AVAILABILITY = YES_AGGRESSIVE;
				CLANG_WARN_UNREACHABLE_CODE = YES;
				CLANG_WARN__DUPLICATE_METHOD_MATCH = YES;
				COPY_PHASE_STRIP = NO;
				DEBUG_INFORMATION_FORMAT = "dwarf-with-dsym";
				ENABLE_NS_ASSERTIONS = NO;
				ENABLE_STRICT_OBJC_MSGSEND = YES;
				ENABLE_USER_SCRIPT_SANDBOXING = YES;
				GCC_C_LANGUAGE_STANDARD = gnu17;
				GCC_NO_COMMON_BLOCKS = YES;
				GCC_WARN_64_TO_32_BIT_CONVERSION = YES;
				GCC_WARN_ABOUT_RETURN_TYPE = YES_ERROR;
				GCC_WARN_UNDECLARED_SELECTOR = YES;
				GCC_WARN_UNINITIALIZED_AUTOS = YES_AGGRESSIVE;
				GCC_WARN_UNUSED_FUNCTION = YES;
				GCC_WARN_UNUSED_VARIABLE = YES;
				IPHONEOS_DEPLOYMENT_TARGET = 17.4;
				LOCALIZATION_PREFERS_STRING_CATALOGS = YES;
				MTL_ENABLE_DEBUG_INFO = NO;
				MTL_FAST_MATH = YES;
				SDKROOT = iphoneos;
				SWIFT_COMPILATION_MODE = wholemodule;
				VALIDATE_PRODUCT = YES;
			};
			name = Release;
		};
		19339C492BC2C065006A801C /* Debug */ = {
			isa = XCBuildConfiguration;
			buildSettings = {
				ASSETCATALOG_COMPILER_APPICON_NAME = AppIcon;
				ASSETCATALOG_COMPILER_GLOBAL_ACCENT_COLOR_NAME = AccentColor;
				CODE_SIGN_STYLE = Automatic;
				CURRENT_PROJECT_VERSION = 1;
				DEVELOPMENT_ASSET_PATHS = "\"Metal003/Preview Content\"";
				DEVELOPMENT_TEAM = 36H79X5ZFD;
				ENABLE_PREVIEWS = YES;
				GENERATE_INFOPLIST_FILE = YES;
				INFOPLIST_KEY_UIApplicationSceneManifest_Generation = YES;
				INFOPLIST_KEY_UIApplicationSupportsIndirectInputEvents = YES;
				INFOPLIST_KEY_UILaunchScreen_Generation = YES;
				INFOPLIST_KEY_UISupportedInterfaceOrientations_iPad = "UIInterfaceOrientationPortrait UIInterfaceOrientationPortraitUpsideDown UIInterfaceOrientationLandscapeLeft UIInterfaceOrientationLandscapeRight";
				INFOPLIST_KEY_UISupportedInterfaceOrientations_iPhone = "UIInterfaceOrientationPortrait UIInterfaceOrientationLandscapeLeft UIInterfaceOrientationLandscapeRight";
				IPHONEOS_DEPLOYMENT_TARGET = 17.0;
				LD_RUNPATH_SEARCH_PATHS = (
					"$(inherited)",
					"@executable_path/Frameworks",
				);
				MARKETING_VERSION = 1.0;
				PRODUCT_BUNDLE_IDENTIFIER = KS.Metal003;
				PRODUCT_NAME = "$(TARGET_NAME)";
				SWIFT_EMIT_LOC_STRINGS = YES;
				SWIFT_VERSION = 5.0;
				TARGETED_DEVICE_FAMILY = "1,2";
			};
			name = Debug;
		};
		19339C4A2BC2C065006A801C /* Release */ = {
			isa = XCBuildConfiguration;
			buildSettings = {
				ASSETCATALOG_COMPILER_APPICON_NAME = AppIcon;
				ASSETCATALOG_COMPILER_GLOBAL_ACCENT_COLOR_NAME = AccentColor;
				CODE_SIGN_STYLE = Automatic;
				CURRENT_PROJECT_VERSION = 1;
				DEVELOPMENT_ASSET_PATHS = "\"Metal003/Preview Content\"";
				DEVELOPMENT_TEAM = 36H79X5ZFD;
				ENABLE_PREVIEWS = YES;
				GENERATE_INFOPLIST_FILE = YES;
				INFOPLIST_KEY_UIApplicationSceneManifest_Generation = YES;
				INFOPLIST_KEY_UIApplicationSupportsIndirectInputEvents = YES;
				INFOPLIST_KEY_UILaunchScreen_Generation = YES;
				INFOPLIST_KEY_UISupportedInterfaceOrientations_iPad = "UIInterfaceOrientationPortrait UIInterfaceOrientationPortraitUpsideDown UIInterfaceOrientationLandscapeLeft UIInterfaceOrientationLandscapeRight";
				INFOPLIST_KEY_UISupportedInterfaceOrientations_iPhone = "UIInterfaceOrientationPortrait UIInterfaceOrientationLandscapeLeft UIInterfaceOrientationLandscapeRight";
				IPHONEOS_DEPLOYMENT_TARGET = 17.0;
				LD_RUNPATH_SEARCH_PATHS = (
					"$(inherited)",
					"@executable_path/Frameworks",
				);
				MARKETING_VERSION = 1.0;
				PRODUCT_BUNDLE_IDENTIFIER = KS.Metal003;
				PRODUCT_NAME = "$(TARGET_NAME)";
				SWIFT_EMIT_LOC_STRINGS = YES;
				SWIFT_VERSION = 5.0;
				TARGETED_DEVICE_FAMILY = "1,2";
			};
			name = Release;
		};
		19339C4C2BC2C065006A801C /* Debug */ = {
			isa = XCBuildConfiguration;
			buildSettings = {
				ALWAYS_EMBED_SWIFT_STANDARD_LIBRARIES = YES;
				BUNDLE_LOADER = "$(TEST_HOST)";
				CODE_SIGN_STYLE = Automatic;
				CURRENT_PROJECT_VERSION = 1;
				DEVELOPMENT_TEAM = 36H79X5ZFD;
				GENERATE_INFOPLIST_FILE = YES;
				IPHONEOS_DEPLOYMENT_TARGET = 17.4;
				MARKETING_VERSION = 1.0;
				PRODUCT_BUNDLE_IDENTIFIER = KS.Metal003Tests;
				PRODUCT_NAME = "$(TARGET_NAME)";
				SWIFT_EMIT_LOC_STRINGS = NO;
				SWIFT_VERSION = 5.0;
				TARGETED_DEVICE_FAMILY = "1,2";
				TEST_HOST = "$(BUILT_PRODUCTS_DIR)/Metal003.app/$(BUNDLE_EXECUTABLE_FOLDER_PATH)/Metal003";
			};
			name = Debug;
		};
		19339C4D2BC2C065006A801C /* Release */ = {
			isa = XCBuildConfiguration;
			buildSettings = {
				ALWAYS_EMBED_SWIFT_STANDARD_LIBRARIES = YES;
				BUNDLE_LOADER = "$(TEST_HOST)";
				CODE_SIGN_STYLE = Automatic;
				CURRENT_PROJECT_VERSION = 1;
				DEVELOPMENT_TEAM = 36H79X5ZFD;
				GENERATE_INFOPLIST_FILE = YES;
				IPHONEOS_DEPLOYMENT_TARGET = 17.4;
				MARKETING_VERSION = 1.0;
				PRODUCT_BUNDLE_IDENTIFIER = KS.Metal003Tests;
				PRODUCT_NAME = "$(TARGET_NAME)";
				SWIFT_EMIT_LOC_STRINGS = NO;
				SWIFT_VERSION = 5.0;
				TARGETED_DEVICE_FAMILY = "1,2";
				TEST_HOST = "$(BUILT_PRODUCTS_DIR)/Metal003.app/$(BUNDLE_EXECUTABLE_FOLDER_PATH)/Metal003";
			};
			name = Release;
		};
		19339C4F2BC2C065006A801C /* Debug */ = {
			isa = XCBuildConfiguration;
			buildSettings = {
				ALWAYS_EMBED_SWIFT_STANDARD_LIBRARIES = YES;
				CODE_SIGN_STYLE = Automatic;
				CURRENT_PROJECT_VERSION = 1;
				DEVELOPMENT_TEAM = 36H79X5ZFD;
				GENERATE_INFOPLIST_FILE = YES;
				MARKETING_VERSION = 1.0;
				PRODUCT_BUNDLE_IDENTIFIER = KS.Metal003UITests;
				PRODUCT_NAME = "$(TARGET_NAME)";
				SWIFT_EMIT_LOC_STRINGS = NO;
				SWIFT_VERSION = 5.0;
				TARGETED_DEVICE_FAMILY = "1,2";
				TEST_TARGET_NAME = Metal003;
			};
			name = Debug;
		};
		19339C502BC2C065006A801C /* Release */ = {
			isa = XCBuildConfiguration;
			buildSettings = {
				ALWAYS_EMBED_SWIFT_STANDARD_LIBRARIES = YES;
				CODE_SIGN_STYLE = Automatic;
				CURRENT_PROJECT_VERSION = 1;
				DEVELOPMENT_TEAM = 36H79X5ZFD;
				GENERATE_INFOPLIST_FILE = YES;
				MARKETING_VERSION = 1.0;
				PRODUCT_BUNDLE_IDENTIFIER = KS.Metal003UITests;
				PRODUCT_NAME = "$(TARGET_NAME)";
				SWIFT_EMIT_LOC_STRINGS = NO;
				SWIFT_VERSION = 5.0;
				TARGETED_DEVICE_FAMILY = "1,2";
				TEST_TARGET_NAME = Metal003;
			};
			name = Release;
		};
/* End XCBuildConfiguration section */

/* Begin XCConfigurationList section */
		19339C1F2BC2C063006A801C /* Build configuration list for PBXProject "Metal003" */ = {
			isa = XCConfigurationList;
			buildConfigurations = (
				19339C462BC2C065006A801C /* Debug */,
				19339C472BC2C065006A801C /* Release */,
			);
			defaultConfigurationIsVisible = 0;
			defaultConfigurationName = Release;
		};
		19339C482BC2C065006A801C /* Build configuration list for PBXNativeTarget "Metal003" */ = {
			isa = XCConfigurationList;
			buildConfigurations = (
				19339C492BC2C065006A801C /* Debug */,
				19339C4A2BC2C065006A801C /* Release */,
			);
			defaultConfigurationIsVisible = 0;
			defaultConfigurationName = Release;
		};
		19339C4B2BC2C065006A801C /* Build configuration list for PBXNativeTarget "Metal003Tests" */ = {
			isa = XCConfigurationList;
			buildConfigurations = (
				19339C4C2BC2C065006A801C /* Debug */,
				19339C4D2BC2C065006A801C /* Release */,
			);
			defaultConfigurationIsVisible = 0;
			defaultConfigurationName = Release;
		};
		19339C4E2BC2C065006A801C /* Build configuration list for PBXNativeTarget "Metal003UITests" */ = {
			isa = XCConfigurationList;
			buildConfigurations = (
				19339C4F2BC2C065006A801C /* Debug */,
				19339C502BC2C065006A801C /* Release */,
			);
			defaultConfigurationIsVisible = 0;
			defaultConfigurationName = Release;
		};
/* End XCConfigurationList section */
	};
	rootObject = 19339C1C2BC2C063006A801C /* Project object */;
}
